
Microsoft Visual Studio Solution File, Format Version 12.00
# Visual Studio Version 17
VisualStudioVersion = 17.14.37203.1 d17.14
MinimumVisualStudioVersion = 10.0.40219.1
Project("{FAE04EC0-301F-11D3-BF4B-00C04F79EFBC}") = "EX1", "EX1.csproj", "{0441584F-DEFA-4BF2-A16A-A5EC414A16AE}"
EndProject
Global
	GlobalSection(SolutionConfigurationPlatforms) = preSolution
		Debug|Any CPU = Debug|Any CPU
		Release|Any CPU = Release|Any CPU
	EndGlobalSection
	GlobalSection(ProjectConfigurationPlatforms) = postSolution
		{0441584F-DEFA-4BF2-A16A-A5EC414A16AE}.Debug|Any CPU.ActiveCfg = Debug|Any CPU
		{0441584F-DEFA-4BF2-A16A-A5EC414A16AE}.Debug|Any CPU.Build.0 = Debug|Any CPU
		{0441584F-DEFA-4BF2-A16A-A5EC414A16AE}.Release|Any CPU.ActiveCfg = Release|Any CPU
		{0441584F-DEFA-4BF2-A16A-A5EC414A16AE}.Release|Any CPU.Build.0 = Release|Any CPU
	EndGlobalSection
	GlobalSection(SolutionProperties) = preSolution
		HideSolutionNode = FALSE
	EndGlobalSection
	GlobalSection(ExtensibilityGlobals) = postSolution
		SolutionGuid = {E7588899-6703-4631-8E83-D4D1412A45E8}
	EndGlobalSection
EndGlobal
