
Microsoft Visual Studio Solution File, Format Version 12.00
# Visual Studio Version 17
VisualStudioVersion = 17.14.37301.10 d17.14
MinimumVisualStudioVersion = 10.0.40219.1
Project("{FAE04EC0-301F-11D3-BF4B-00C04F79EFBC}") = "Bibliografice", "Bibliografice.csproj", "{44F5C0A1-B5B9-4B1A-AE79-5E61C1213068}"
EndProject
Global
	GlobalSection(SolutionConfigurationPlatforms) = preSolution
		Debug|Any CPU = Debug|Any CPU
		Release|Any CPU = Release|Any CPU
	EndGlobalSection
	GlobalSection(ProjectConfigurationPlatforms) = postSolution
		{44F5C0A1-B5B9-4B1A-AE79-5E61C1213068}.Debug|Any CPU.ActiveCfg = Debug|Any CPU
		{44F5C0A1-B5B9-4B1A-AE79-5E61C1213068}.Debug|Any CPU.Build.0 = Debug|Any CPU
		{44F5C0A1-B5B9-4B1A-AE79-5E61C1213068}.Release|Any CPU.ActiveCfg = Release|Any CPU
		{44F5C0A1-B5B9-4B1A-AE79-5E61C1213068}.Release|Any CPU.Build.0 = Release|Any CPU
	EndGlobalSection
	GlobalSection(SolutionProperties) = preSolution
		HideSolutionNode = FALSE
	EndGlobalSection
	GlobalSection(ExtensibilityGlobals) = postSolution
		SolutionGuid = {1779DAB8-B8B3-43A5-8541-77E640D0DDDE}
	EndGlobalSection
EndGlobal
