
Microsoft Visual Studio Solution File, Format Version 12.00
# Visual Studio Version 17
VisualStudioVersion = 17.14.37203.1 d17.14
MinimumVisualStudioVersion = 10.0.40219.1
Project("{FAE04EC0-301F-11D3-BF4B-00C04F79EFBC}") = "Ex_Magazin", "Ex_Magazin.csproj", "{44E8CE76-083E-43B3-9D21-EE53D10B4DF0}"
EndProject
Global
	GlobalSection(SolutionConfigurationPlatforms) = preSolution
		Debug|Any CPU = Debug|Any CPU
		Release|Any CPU = Release|Any CPU
	EndGlobalSection
	GlobalSection(ProjectConfigurationPlatforms) = postSolution
		{44E8CE76-083E-43B3-9D21-EE53D10B4DF0}.Debug|Any CPU.ActiveCfg = Debug|Any CPU
		{44E8CE76-083E-43B3-9D21-EE53D10B4DF0}.Debug|Any CPU.Build.0 = Debug|Any CPU
		{44E8CE76-083E-43B3-9D21-EE53D10B4DF0}.Release|Any CPU.ActiveCfg = Release|Any CPU
		{44E8CE76-083E-43B3-9D21-EE53D10B4DF0}.Release|Any CPU.Build.0 = Release|Any CPU
	EndGlobalSection
	GlobalSection(SolutionProperties) = preSolution
		HideSolutionNode = FALSE
	EndGlobalSection
	GlobalSection(ExtensibilityGlobals) = postSolution
		SolutionGuid = {80745B8B-D6FA-4AD2-8B1F-83E7242F1128}
	EndGlobalSection
EndGlobal
