
Microsoft Visual Studio Solution File, Format Version 12.00
# Visual Studio Version 17
VisualStudioVersion = 17.14.37027.9 d17.14
MinimumVisualStudioVersion = 10.0.40219.1
Project("{FAE04EC0-301F-11D3-BF4B-00C04F79EFBC}") = "s7", "s7.csproj", "{AFCC8086-D6EE-498F-B15F-991E920CC3DF}"
EndProject
Global
	GlobalSection(SolutionConfigurationPlatforms) = preSolution
		Debug|Any CPU = Debug|Any CPU
		Release|Any CPU = Release|Any CPU
	EndGlobalSection
	GlobalSection(ProjectConfigurationPlatforms) = postSolution
		{AFCC8086-D6EE-498F-B15F-991E920CC3DF}.Debug|Any CPU.ActiveCfg = Debug|Any CPU
		{AFCC8086-D6EE-498F-B15F-991E920CC3DF}.Debug|Any CPU.Build.0 = Debug|Any CPU
		{AFCC8086-D6EE-498F-B15F-991E920CC3DF}.Release|Any CPU.ActiveCfg = Release|Any CPU
		{AFCC8086-D6EE-498F-B15F-991E920CC3DF}.Release|Any CPU.Build.0 = Release|Any CPU
	EndGlobalSection
	GlobalSection(SolutionProperties) = preSolution
		HideSolutionNode = FALSE
	EndGlobalSection
	GlobalSection(ExtensibilityGlobals) = postSolution
		SolutionGuid = {77579560-7458-45A9-BAAA-7B2655ECDC48}
	EndGlobalSection
EndGlobal
