
Microsoft Visual Studio Solution File, Format Version 12.00
# Visual Studio Version 17
VisualStudioVersion = 17.14.37301.10 d17.14
MinimumVisualStudioVersion = 10.0.40219.1
Project("{FAE04EC0-301F-11D3-BF4B-00C04F79EFBC}") = "ProgramMaster", "ProgramMaster.csproj", "{0B1F855E-4698-463D-A44A-020AC2B56FAF}"
EndProject
Global
	GlobalSection(SolutionConfigurationPlatforms) = preSolution
		Debug|Any CPU = Debug|Any CPU
		Release|Any CPU = Release|Any CPU
	EndGlobalSection
	GlobalSection(ProjectConfigurationPlatforms) = postSolution
		{0B1F855E-4698-463D-A44A-020AC2B56FAF}.Debug|Any CPU.ActiveCfg = Debug|Any CPU
		{0B1F855E-4698-463D-A44A-020AC2B56FAF}.Debug|Any CPU.Build.0 = Debug|Any CPU
		{0B1F855E-4698-463D-A44A-020AC2B56FAF}.Release|Any CPU.ActiveCfg = Release|Any CPU
		{0B1F855E-4698-463D-A44A-020AC2B56FAF}.Release|Any CPU.Build.0 = Release|Any CPU
	EndGlobalSection
	GlobalSection(SolutionProperties) = preSolution
		HideSolutionNode = FALSE
	EndGlobalSection
	GlobalSection(ExtensibilityGlobals) = postSolution
		SolutionGuid = {114989E4-9915-4A4F-AF7F-BE3540554239}
	EndGlobalSection
EndGlobal
